
Microsoft Visual Studio Solution File, Format Version 12.00
# Visual Studio 2013
VisualStudioVersion = 12.0.21005.1
MinimumVisualStudioVersion = 10.0.40219.1
Project("{FAE04EC0-301F-11D3-BF4B-00C04F79EFBC}") = "Random-Wing", "Random-Wing\Random-Wing.csproj", "{339CE865-7D49-4D39-BF6C-8094E51748FA}"
EndProject
Project("{FAE04EC0-301F-11D3-BF4B-00C04F79EFBC}") = "ListFactory", "ListFactory\ListFactory.csproj", "{ECB7F32E-99DD-4E74-AB65-CF5CF71B624D}"
EndProject
Global
	GlobalSection(SolutionConfigurationPlatforms) = preSolution
		Debug|Any CPU = Debug|Any CPU
		Release|Any CPU = Release|Any CPU
	EndGlobalSection
	GlobalSection(ProjectConfigurationPlatforms) = postSolution
		{339CE865-7D49-4D39-BF6C-8094E51748FA}.Debug|Any CPU.ActiveCfg = Debug|Any CPU
		{339CE865-7D49-4D39-BF6C-8094E51748FA}.Debug|Any CPU.Build.0 = Debug|Any CPU
		{339CE865-7D49-4D39-BF6C-8094E51748FA}.Release|Any CPU.ActiveCfg = Release|Any CPU
		{339CE865-7D49-4D39-BF6C-8094E51748FA}.Release|Any CPU.Build.0 = Release|Any CPU
		{ECB7F32E-99DD-4E74-AB65-CF5CF71B624D}.Debug|Any CPU.ActiveCfg = Debug|Any CPU
		{ECB7F32E-99DD-4E74-AB65-CF5CF71B624D}.Debug|Any CPU.Build.0 = Debug|Any CPU
		{ECB7F32E-99DD-4E74-AB65-CF5CF71B624D}.Release|Any CPU.ActiveCfg = Release|Any CPU
		{ECB7F32E-99DD-4E74-AB65-CF5CF71B624D}.Release|Any CPU.Build.0 = Release|Any CPU
	EndGlobalSection
	GlobalSection(SolutionProperties) = preSolution
		HideSolutionNode = FALSE
	EndGlobalSection
EndGlobal
